// !$*UTF8*$!
{
	archiveVersion = 1;
	classes = {
	};
	objectVersion = 50;
	objects = {

/* Begin PBXBuildFile section */
		4D3DDAB22691645F00CB0A57 /* MBXibView.swift in Sources */ = {isa = PBXBuildFile; fileRef = 4D3DDAB12691645F00CB0A57 /* MBXibView.swift */; };
		4D3DDAB4269164EF00CB0A57 /* NSObject+Extension.swift in Sources */ = {isa = PBXBuildFile; fileRef = 4D3DDAB3269164EF00CB0A57 /* NSObject+Extension.swift */; };
		4D4576DC26942A3300A5305E /* MBFooter.swift in Sources */ = {isa = PBXBuildFile; fileRef = 4D4576DB26942A3300A5305E /* MBFooter.swift */; };
		4D4576DE26942A4600A5305E /* MBFooter.xib in Resources */ = {isa = PBXBuildFile; fileRef = 4D4576DD26942A4600A5305E /* MBFooter.xib */; };
		4D4576E026943A9600A5305E /* MBCardViewRadius.swift in Sources */ = {isa = PBXBuildFile; fileRef = 4D4576DF26943A9600A5305E /* MBCardViewRadius.swift */; };
		4D4576E2269452D500A5305E /* MBProductsViewCell.swift in Sources */ = {isa = PBXBuildFile; fileRef = 4D4576E1269452D500A5305E /* MBProductsViewCell.swift */; };
		4D76F9C22696AFC100CA69BD /* MBProductSideMenuViewController.swift in Sources */ = {isa = PBXBuildFile; fileRef = 4D76F9C12696AFC100CA69BD /* MBProductSideMenuViewController.swift */; };
		4D8FBA8B26918BE600B0D13B /* MBPhoneNumber.xib in Resources */ = {isa = PBXBuildFile; fileRef = 4D8FBA8A26918BE600B0D13B /* MBPhoneNumber.xib */; };
		4D8FBA8D26918BF600B0D13B /* MBPhoneNumber.swift in Sources */ = {isa = PBXBuildFile; fileRef = 4D8FBA8C26918BF600B0D13B /* MBPhoneNumber.swift */; };
		4D8FBA93269198A700B0D13B /* montserrat_semi_bold.otf in Resources */ = {isa = PBXBuildFile; fileRef = 4D8FBA8F269198A700B0D13B /* montserrat_semi_bold.otf */; };
		4D8FBA94269198A700B0D13B /* montserrat_regular.otf in Resources */ = {isa = PBXBuildFile; fileRef = 4D8FBA90269198A700B0D13B /* montserrat_regular.otf */; };
		4D8FBA95269198A700B0D13B /* montserrat_medium.otf in Resources */ = {isa = PBXBuildFile; fileRef = 4D8FBA91269198A700B0D13B /* montserrat_medium.otf */; };
		4D8FBA96269198A700B0D13B /* montserrat_bold.otf in Resources */ = {isa = PBXBuildFile; fileRef = 4D8FBA92269198A700B0D13B /* montserrat_bold.otf */; };
		4D8FBA9C2691C16800B0D13B /* UIColor+AppColors.swift in Sources */ = {isa = PBXBuildFile; fileRef = 4D8FBA9B2691C16800B0D13B /* UIColor+AppColors.swift */; };
		4DB0B61E2692CFD3006D691A /* MBProductScreenHeader.xib in Resources */ = {isa = PBXBuildFile; fileRef = 4DB0B61D2692CFD3006D691A /* MBProductScreenHeader.xib */; };
		4DB0B6202692CFE3006D691A /* MBProductScreenHeader.swift in Sources */ = {isa = PBXBuildFile; fileRef = 4DB0B61F2692CFE3006D691A /* MBProductScreenHeader.swift */; };
		4DB0B6222692DC85006D691A /* MBProductViewController.swift in Sources */ = {isa = PBXBuildFile; fileRef = 4DB0B6212692DC85006D691A /* MBProductViewController.swift */; };
		4DB302F92691704100A6F735 /* MBSideMenuHeader.xib in Resources */ = {isa = PBXBuildFile; fileRef = 4DB302F82691704100A6F735 /* MBSideMenuHeader.xib */; };
		4DB302FB2691705B00A6F735 /* MBSideMenuHeader.swift in Sources */ = {isa = PBXBuildFile; fileRef = 4DB302FA2691705B00A6F735 /* MBSideMenuHeader.swift */; };
		4DB302FD2691828200A6F735 /* MBMenuHeader.swift in Sources */ = {isa = PBXBuildFile; fileRef = 4DB302FC2691828200A6F735 /* MBMenuHeader.swift */; };
		4DB302FF2691829A00A6F735 /* MBMenuHeader.xib in Resources */ = {isa = PBXBuildFile; fileRef = 4DB302FE2691829A00A6F735 /* MBMenuHeader.xib */; };
		4DBF80882690317500282CCC /* SideMenuViewController.swift in Sources */ = {isa = PBXBuildFile; fileRef = 4DBF80872690317500282CCC /* SideMenuViewController.swift */; };
		4DD7B5EC268618D900AD5F81 /* AppDelegate.swift in Sources */ = {isa = PBXBuildFile; fileRef = 4DD7B5EB268618D900AD5F81 /* AppDelegate.swift */; };
		4DD7B5EE268618D900AD5F81 /* SceneDelegate.swift in Sources */ = {isa = PBXBuildFile; fileRef = 4DD7B5ED268618D900AD5F81 /* SceneDelegate.swift */; };
		4DD7B5F0268618D900AD5F81 /* ViewController.swift in Sources */ = {isa = PBXBuildFile; fileRef = 4DD7B5EF268618D900AD5F81 /* ViewController.swift */; };
		4DD7B5F3268618D900AD5F81 /* Main.storyboard in Resources */ = {isa = PBXBuildFile; fileRef = 4DD7B5F1268618D900AD5F81 /* Main.storyboard */; };
		4DD7B5F5268618DA00AD5F81 /* Assets.xcassets in Resources */ = {isa = PBXBuildFile; fileRef = 4DD7B5F4268618DA00AD5F81 /* Assets.xcassets */; };
		4DD7B5F8268618DA00AD5F81 /* LaunchScreen.storyboard in Resources */ = {isa = PBXBuildFile; fileRef = 4DD7B5F6268618DA00AD5F81 /* LaunchScreen.storyboard */; };
		4DD7B603268618DA00AD5F81 /* MascoBazariOSTests.swift in Sources */ = {isa = PBXBuildFile; fileRef = 4DD7B602268618DA00AD5F81 /* MascoBazariOSTests.swift */; };
		4DD7B60E268618DA00AD5F81 /* MascoBazariOSUITests.swift in Sources */ = {isa = PBXBuildFile; fileRef = 4DD7B60D268618DA00AD5F81 /* MascoBazariOSUITests.swift */; };
/* End PBXBuildFile section */

/* Begin PBXContainerItemProxy section */
		4DD7B5FF268618DA00AD5F81 /* PBXContainerItemProxy */ = {
			isa = PBXContainerItemProxy;
			containerPortal = 4DD7B5E0268618D900AD5F81 /* Project object */;
			proxyType = 1;
			remoteGlobalIDString = 4DD7B5E7268618D900AD5F81;
			remoteInfo = MascoBazariOS;
		};
		4DD7B60A268618DA00AD5F81 /* PBXContainerItemProxy */ = {
			isa = PBXContainerItemProxy;
			containerPortal = 4DD7B5E0268618D900AD5F81 /* Project object */;
			proxyType = 1;
			remoteGlobalIDString = 4DD7B5E7268618D900AD5F81;
			remoteInfo = MascoBazariOS;
		};
/* End PBXContainerItemProxy section */

/* Begin PBXFileReference section */
		4D3DDAB12691645F00CB0A57 /* MBXibView.swift */ = {isa = PBXFileReference; lastKnownFileType = sourcecode.swift; path = MBXibView.swift; sourceTree = "<group>"; };
		4D3DDAB3269164EF00CB0A57 /* NSObject+Extension.swift */ = {isa = PBXFileReference; lastKnownFileType = sourcecode.swift; path = "NSObject+Extension.swift"; sourceTree = "<group>"; };
		4D4576DB26942A3300A5305E /* MBFooter.swift */ = {isa = PBXFileReference; lastKnownFileType = sourcecode.swift; path = MBFooter.swift; sourceTree = "<group>"; };
		4D4576DD26942A4600A5305E /* MBFooter.xib */ = {isa = PBXFileReference; lastKnownFileType = file.xib; path = MBFooter.xib; sourceTree = "<group>"; };
		4D4576DF26943A9600A5305E /* MBCardViewRadius.swift */ = {isa = PBXFileReference; lastKnownFileType = sourcecode.swift; path = MBCardViewRadius.swift; sourceTree = "<group>"; };
		4D4576E1269452D500A5305E /* MBProductsViewCell.swift */ = {isa = PBXFileReference; lastKnownFileType = sourcecode.swift; path = MBProductsViewCell.swift; sourceTree = "<group>"; };
		4D76F9C12696AFC100CA69BD /* MBProductSideMenuViewController.swift */ = {isa = PBXFileReference; lastKnownFileType = sourcecode.swift; path = MBProductSideMenuViewController.swift; sourceTree = "<group>"; };
		4D8FBA8A26918BE600B0D13B /* MBPhoneNumber.xib */ = {isa = PBXFileReference; lastKnownFileType = file.xib; path = MBPhoneNumber.xib; sourceTree = "<group>"; };
		4D8FBA8C26918BF600B0D13B /* MBPhoneNumber.swift */ = {isa = PBXFileReference; lastKnownFileType = sourcecode.swift; path = MBPhoneNumber.swift; sourceTree = "<group>"; };
		4D8FBA8F269198A700B0D13B /* montserrat_semi_bold.otf */ = {isa = PBXFileReference; lastKnownFileType = file; path = montserrat_semi_bold.otf; sourceTree = "<group>"; };
		4D8FBA90269198A700B0D13B /* montserrat_regular.otf */ = {isa = PBXFileReference; lastKnownFileType = file; path = montserrat_regular.otf; sourceTree = "<group>"; };
		4D8FBA91269198A700B0D13B /* montserrat_medium.otf */ = {isa = PBXFileReference; lastKnownFileType = file; path = montserrat_medium.otf; sourceTree = "<group>"; };
		4D8FBA92269198A700B0D13B /* montserrat_bold.otf */ = {isa = PBXFileReference; lastKnownFileType = file; path = montserrat_bold.otf; sourceTree = "<group>"; };
		4D8FBA9B2691C16800B0D13B /* UIColor+AppColors.swift */ = {isa = PBXFileReference; lastKnownFileType = sourcecode.swift; path = "UIColor+AppColors.swift"; sourceTree = "<group>"; };
		4DB0B61D2692CFD3006D691A /* MBProductScreenHeader.xib */ = {isa = PBXFileReference; lastKnownFileType = file.xib; path = MBProductScreenHeader.xib; sourceTree = "<group>"; };
		4DB0B61F2692CFE3006D691A /* MBProductScreenHeader.swift */ = {isa = PBXFileReference; lastKnownFileType = sourcecode.swift; path = MBProductScreenHeader.swift; sourceTree = "<group>"; };
		4DB0B6212692DC85006D691A /* MBProductViewController.swift */ = {isa = PBXFileReference; lastKnownFileType = sourcecode.swift; path = MBProductViewController.swift; sourceTree = "<group>"; };
		4DB302F82691704100A6F735 /* MBSideMenuHeader.xib */ = {isa = PBXFileReference; lastKnownFileType = file.xib; path = MBSideMenuHeader.xib; sourceTree = "<group>"; };
		4DB302FA2691705B00A6F735 /* MBSideMenuHeader.swift */ = {isa = PBXFileReference; fileEncoding = 4; lastKnownFileType = sourcecode.swift; path = MBSideMenuHeader.swift; sourceTree = "<group>"; };
		4DB302FC2691828200A6F735 /* MBMenuHeader.swift */ = {isa = PBXFileReference; lastKnownFileType = sourcecode.swift; path = MBMenuHeader.swift; sourceTree = "<group>"; };
		4DB302FE2691829A00A6F735 /* MBMenuHeader.xib */ = {isa = PBXFileReference; lastKnownFileType = file.xib; path = MBMenuHeader.xib; sourceTree = "<group>"; };
		4DBF80872690317500282CCC /* SideMenuViewController.swift */ = {isa = PBXFileReference; lastKnownFileType = sourcecode.swift; path = SideMenuViewController.swift; sourceTree = "<group>"; };
		4DD7B5E8268618D900AD5F81 /* MascoBazariOS.app */ = {isa = PBXFileReference; explicitFileType = wrapper.application; includeInIndex = 0; path = MascoBazariOS.app; sourceTree = BUILT_PRODUCTS_DIR; };
		4DD7B5EB268618D900AD5F81 /* AppDelegate.swift */ = {isa = PBXFileReference; lastKnownFileType = sourcecode.swift; path = AppDelegate.swift; sourceTree = "<group>"; };
		4DD7B5ED268618D900AD5F81 /* SceneDelegate.swift */ = {isa = PBXFileReference; lastKnownFileType = sourcecode.swift; path = SceneDelegate.swift; sourceTree = "<group>"; };
		4DD7B5EF268618D900AD5F81 /* ViewController.swift */ = {isa = PBXFileReference; lastKnownFileType = sourcecode.swift; path = ViewController.swift; sourceTree = "<group>"; };
		4DD7B5F2268618D900AD5F81 /* Base */ = {isa = PBXFileReference; lastKnownFileType = file.storyboard; name = Base; path = Base.lproj/Main.storyboard; sourceTree = "<group>"; };
		4DD7B5F4268618DA00AD5F81 /* Assets.xcassets */ = {isa = PBXFileReference; lastKnownFileType = folder.assetcatalog; path = Assets.xcassets; sourceTree = "<group>"; };
		4DD7B5F7268618DA00AD5F81 /* Base */ = {isa = PBXFileReference; lastKnownFileType = file.storyboard; name = Base; path = Base.lproj/LaunchScreen.storyboard; sourceTree = "<group>"; };
		4DD7B5F9268618DA00AD5F81 /* Info.plist */ = {isa = PBXFileReference; lastKnownFileType = text.plist.xml; path = Info.plist; sourceTree = "<group>"; };
		4DD7B5FE268618DA00AD5F81 /* MascoBazariOSTests.xctest */ = {isa = PBXFileReference; explicitFileType = wrapper.cfbundle; includeInIndex = 0; path = MascoBazariOSTests.xctest; sourceTree = BUILT_PRODUCTS_DIR; };
		4DD7B602268618DA00AD5F81 /* MascoBazariOSTests.swift */ = {isa = PBXFileReference; lastKnownFileType = sourcecode.swift; path = MascoBazariOSTests.swift; sourceTree = "<group>"; };
		4DD7B604268618DA00AD5F81 /* Info.plist */ = {isa = PBXFileReference; lastKnownFileType = text.plist.xml; path = Info.plist; sourceTree = "<group>"; };
		4DD7B609268618DA00AD5F81 /* MascoBazariOSUITests.xctest */ = {isa = PBXFileReference; explicitFileType = wrapper.cfbundle; includeInIndex = 0; path = MascoBazariOSUITests.xctest; sourceTree = BUILT_PRODUCTS_DIR; };
		4DD7B60D268618DA00AD5F81 /* MascoBazariOSUITests.swift */ = {isa = PBXFileReference; lastKnownFileType = sourcecode.swift; path = MascoBazariOSUITests.swift; sourceTree = "<group>"; };
		4DD7B60F268618DA00AD5F81 /* Info.plist */ = {isa = PBXFileReference; lastKnownFileType = text.plist.xml; path = Info.plist; sourceTree = "<group>"; };
/* End PBXFileReference section */

/* Begin PBXFrameworksBuildPhase section */
		4DD7B5E5268618D900AD5F81 /* Frameworks */ = {
			isa = PBXFrameworksBuildPhase;
			buildActionMask = 2147483647;
			files = (
			);
			runOnlyForDeploymentPostprocessing = 0;
		};
		4DD7B5FB268618DA00AD5F81 /* Frameworks */ = {
			isa = PBXFrameworksBuildPhase;
			buildActionMask = 2147483647;
			files = (
			);
			runOnlyForDeploymentPostprocessing = 0;
		};
		4DD7B606268618DA00AD5F81 /* Frameworks */ = {
			isa = PBXFrameworksBuildPhase;
			buildActionMask = 2147483647;
			files = (
			);
			runOnlyForDeploymentPostprocessing = 0;
		};
/* End PBXFrameworksBuildPhase section */

/* Begin PBXGroup section */
		4D3DDAB02691641000CB0A57 /* Extension */ = {
			isa = PBXGroup;
			children = (
				4D3DDAB12691645F00CB0A57 /* MBXibView.swift */,
				4D3DDAB3269164EF00CB0A57 /* NSObject+Extension.swift */,
				4D8FBA9B2691C16800B0D13B /* UIColor+AppColors.swift */,
				4D4576DF26943A9600A5305E /* MBCardViewRadius.swift */,
			);
			path = Extension;
			sourceTree = "<group>";
		};
		4D8FBA8E269198A700B0D13B /* font */ = {
			isa = PBXGroup;
			children = (
				4D8FBA8F269198A700B0D13B /* montserrat_semi_bold.otf */,
				4D8FBA90269198A700B0D13B /* montserrat_regular.otf */,
				4D8FBA91269198A700B0D13B /* montserrat_medium.otf */,
				4D8FBA92269198A700B0D13B /* montserrat_bold.otf */,
			);
			path = font;
			sourceTree = "<group>";
		};
		4DB0B61C2692CF8D006D691A /* ProductList */ = {
			isa = PBXGroup;
			children = (
				4DB0B61D2692CFD3006D691A /* MBProductScreenHeader.xib */,
				4DB0B61F2692CFE3006D691A /* MBProductScreenHeader.swift */,
				4DB0B6212692DC85006D691A /* MBProductViewController.swift */,
				4D4576DB26942A3300A5305E /* MBFooter.swift */,
				4D4576DD26942A4600A5305E /* MBFooter.xib */,
				4D4576E1269452D500A5305E /* MBProductsViewCell.swift */,
				4D76F9C12696AFC100CA69BD /* MBProductSideMenuViewController.swift */,
			);
			path = ProductList;
			sourceTree = "<group>";
		};
		4DB302EB2691687500A6F735 /* Home */ = {
			isa = PBXGroup;
			children = (
				4DBF80872690317500282CCC /* SideMenuViewController.swift */,
				4DD7B5EF268618D900AD5F81 /* ViewController.swift */,
				4DB302F82691704100A6F735 /* MBSideMenuHeader.xib */,
				4DB302FA2691705B00A6F735 /* MBSideMenuHeader.swift */,
				4DB302FC2691828200A6F735 /* MBMenuHeader.swift */,
				4DB302FE2691829A00A6F735 /* MBMenuHeader.xib */,
				4D8FBA8A26918BE600B0D13B /* MBPhoneNumber.xib */,
				4D8FBA8C26918BF600B0D13B /* MBPhoneNumber.swift */,
			);
			path = Home;
			sourceTree = "<group>";
		};
		4DD7B5DF268618D900AD5F81 = {
			isa = PBXGroup;
			children = (
				4DD7B5EA268618D900AD5F81 /* MascoBazariOS */,
				4DD7B601268618DA00AD5F81 /* MascoBazariOSTests */,
				4DD7B60C268618DA00AD5F81 /* MascoBazariOSUITests */,
				4DD7B5E9268618D900AD5F81 /* Products */,
			);
			sourceTree = "<group>";
		};
		4DD7B5E9268618D900AD5F81 /* Products */ = {
			isa = PBXGroup;
			children = (
				4DD7B5E8268618D900AD5F81 /* MascoBazariOS.app */,
				4DD7B5FE268618DA00AD5F81 /* MascoBazariOSTests.xctest */,
				4DD7B609268618DA00AD5F81 /* MascoBazariOSUITests.xctest */,
			);
			name = Products;
			sourceTree = "<group>";
		};
		4DD7B5EA268618D900AD5F81 /* MascoBazariOS */ = {
			isa = PBXGroup;
			children = (
				4DB0B61C2692CF8D006D691A /* ProductList */,
				4D8FBA8E269198A700B0D13B /* font */,
				4D3DDAB02691641000CB0A57 /* Extension */,
				4DD7B5EB268618D900AD5F81 /* AppDelegate.swift */,
				4DD7B5ED268618D900AD5F81 /* SceneDelegate.swift */,
				4DB302EB2691687500A6F735 /* Home */,
				4DD7B5F1268618D900AD5F81 /* Main.storyboard */,
				4DD7B5F4268618DA00AD5F81 /* Assets.xcassets */,
				4DD7B5F6268618DA00AD5F81 /* LaunchScreen.storyboard */,
				4DD7B5F9268618DA00AD5F81 /* Info.plist */,
			);
			path = MascoBazariOS;
			sourceTree = "<group>";
		};
		4DD7B601268618DA00AD5F81 /* MascoBazariOSTests */ = {
			isa = PBXGroup;
			children = (
				4DD7B602268618DA00AD5F81 /* MascoBazariOSTests.swift */,
				4DD7B604268618DA00AD5F81 /* Info.plist */,
			);
			path = MascoBazariOSTests;
			sourceTree = "<group>";
		};
		4DD7B60C268618DA00AD5F81 /* MascoBazariOSUITests */ = {
			isa = PBXGroup;
			children = (
				4DD7B60D268618DA00AD5F81 /* MascoBazariOSUITests.swift */,
				4DD7B60F268618DA00AD5F81 /* Info.plist */,
			);
			path = MascoBazariOSUITests;
			sourceTree = "<group>";
		};
/* End PBXGroup section */

/* Begin PBXNativeTarget section */
		4DD7B5E7268618D900AD5F81 /* MascoBazariOS */ = {
			isa = PBXNativeTarget;
			buildConfigurationList = 4DD7B612268618DA00AD5F81 /* Build configuration list for PBXNativeTarget "MascoBazariOS" */;
			buildPhases = (
				4DD7B5E4268618D900AD5F81 /* Sources */,
				4DD7B5E5268618D900AD5F81 /* Frameworks */,
				4DD7B5E6268618D900AD5F81 /* Resources */,
			);
			buildRules = (
			);
			dependencies = (
			);
			name = MascoBazariOS;
			productName = MascoBazariOS;
			productReference = 4DD7B5E8268618D900AD5F81 /* MascoBazariOS.app */;
			productType = "com.apple.product-type.application";
		};
		4DD7B5FD268618DA00AD5F81 /* MascoBazariOSTests */ = {
			isa = PBXNativeTarget;
			buildConfigurationList = 4DD7B615268618DA00AD5F81 /* Build configuration list for PBXNativeTarget "MascoBazariOSTests" */;
			buildPhases = (
				4DD7B5FA268618DA00AD5F81 /* Sources */,
				4DD7B5FB268618DA00AD5F81 /* Frameworks */,
				4DD7B5FC268618DA00AD5F81 /* Resources */,
			);
			buildRules = (
			);
			dependencies = (
				4DD7B600268618DA00AD5F81 /* PBXTargetDependency */,
			);
			name = MascoBazariOSTests;
			productName = MascoBazariOSTests;
			productReference = 4DD7B5FE268618DA00AD5F81 /* MascoBazariOSTests.xctest */;
			productType = "com.apple.product-type.bundle.unit-test";
		};
		4DD7B608268618DA00AD5F81 /* MascoBazariOSUITests */ = {
			isa = PBXNativeTarget;
			buildConfigurationList = 4DD7B618268618DA00AD5F81 /* Build configuration list for PBXNativeTarget "MascoBazariOSUITests" */;
			buildPhases = (
				4DD7B605268618DA00AD5F81 /* Sources */,
				4DD7B606268618DA00AD5F81 /* Frameworks */,
				4DD7B607268618DA00AD5F81 /* Resources */,
			);
			buildRules = (
			);
			dependencies = (
				4DD7B60B268618DA00AD5F81 /* PBXTargetDependency */,
			);
			name = MascoBazariOSUITests;
			productName = MascoBazariOSUITests;
			productReference = 4DD7B609268618DA00AD5F81 /* MascoBazariOSUITests.xctest */;
			productType = "com.apple.product-type.bundle.ui-testing";
		};
/* End PBXNativeTarget section */

/* Begin PBXProject section */
		4DD7B5E0268618D900AD5F81 /* Project object */ = {
			isa = PBXProject;
			attributes = {
				CLASSPREFIX = MB;
				LastSwiftUpdateCheck = 1250;
				LastUpgradeCheck = 1250;
				ORGANIZATIONNAME = MascoGroup;
				TargetAttributes = {
					4DD7B5E7268618D900AD5F81 = {
						CreatedOnToolsVersion = 12.5;
					};
					4DD7B5FD268618DA00AD5F81 = {
						CreatedOnToolsVersion = 12.5;
						TestTargetID = 4DD7B5E7268618D900AD5F81;
					};
					4DD7B608268618DA00AD5F81 = {
						CreatedOnToolsVersion = 12.5;
						TestTargetID = 4DD7B5E7268618D900AD5F81;
					};
				};
			};
			buildConfigurationList = 4DD7B5E3268618D900AD5F81 /* Build configuration list for PBXProject "MascoBazariOS" */;
			compatibilityVersion = "Xcode 9.3";
			developmentRegion = en;
			hasScannedForEncodings = 0;
			knownRegions = (
				en,
				Base,
			);
			mainGroup = 4DD7B5DF268618D900AD5F81;
			productRefGroup = 4DD7B5E9268618D900AD5F81 /* Products */;
			projectDirPath = "";
			projectRoot = "";
			targets = (
				4DD7B5E7268618D900AD5F81 /* MascoBazariOS */,
				4DD7B5FD268618DA00AD5F81 /* MascoBazariOSTests */,
				4DD7B608268618DA00AD5F81 /* MascoBazariOSUITests */,
			);
		};
/* End PBXProject section */

/* Begin PBXResourcesBuildPhase section */
		4DD7B5E6268618D900AD5F81 /* Resources */ = {
			isa = PBXResourcesBuildPhase;
			buildActionMask = 2147483647;
			files = (
				4DD7B5F8268618DA00AD5F81 /* LaunchScreen.storyboard in Resources */,
				4DB0B61E2692CFD3006D691A /* MBProductScreenHeader.xib in Resources */,
				4D8FBA96269198A700B0D13B /* montserrat_bold.otf in Resources */,
				4D8FBA93269198A700B0D13B /* montserrat_semi_bold.otf in Resources */,
				4DD7B5F5268618DA00AD5F81 /* Assets.xcassets in Resources */,
				4DD7B5F3268618D900AD5F81 /* Main.storyboard in Resources */,
				4DB302FF2691829A00A6F735 /* MBMenuHeader.xib in Resources */,
				4D4576DE26942A4600A5305E /* MBFooter.xib in Resources */,
				4D8FBA94269198A700B0D13B /* montserrat_regular.otf in Resources */,
				4D8FBA8B26918BE600B0D13B /* MBPhoneNumber.xib in Resources */,
				4DB302F92691704100A6F735 /* MBSideMenuHeader.xib in Resources */,
				4D8FBA95269198A700B0D13B /* montserrat_medium.otf in Resources */,
			);
			runOnlyForDeploymentPostprocessing = 0;
		};
		4DD7B5FC268618DA00AD5F81 /* Resources */ = {
			isa = PBXResourcesBuildPhase;
			buildActionMask = 2147483647;
			files = (
			);
			runOnlyForDeploymentPostprocessing = 0;
		};
		4DD7B607268618DA00AD5F81 /* Resources */ = {
			isa = PBXResourcesBuildPhase;
			buildActionMask = 2147483647;
			files = (
			);
			runOnlyForDeploymentPostprocessing = 0;
		};
/* End PBXResourcesBuildPhase section */

/* Begin PBXSourcesBuildPhase section */
		4DD7B5E4268618D900AD5F81 /* Sources */ = {
			isa = PBXSourcesBuildPhase;
			buildActionMask = 2147483647;
			files = (
				4DBF80882690317500282CCC /* SideMenuViewController.swift in Sources */,
				4DD7B5F0268618D900AD5F81 /* ViewController.swift in Sources */,
				4DB302FD2691828200A6F735 /* MBMenuHeader.swift in Sources */,
				4DB0B6222692DC85006D691A /* MBProductViewController.swift in Sources */,
				4DD7B5EC268618D900AD5F81 /* AppDelegate.swift in Sources */,
				4D4576DC26942A3300A5305E /* MBFooter.swift in Sources */,
				4D8FBA9C2691C16800B0D13B /* UIColor+AppColors.swift in Sources */,
				4DD7B5EE268618D900AD5F81 /* SceneDelegate.swift in Sources */,
				4DB0B6202692CFE3006D691A /* MBProductScreenHeader.swift in Sources */,
				4D76F9C22696AFC100CA69BD /* MBProductSideMenuViewController.swift in Sources */,
				4DB302FB2691705B00A6F735 /* MBSideMenuHeader.swift in Sources */,
				4D3DDAB22691645F00CB0A57 /* MBXibView.swift in Sources */,
				4D4576E2269452D500A5305E /* MBProductsViewCell.swift in Sources */,
				4D4576E026943A9600A5305E /* MBCardViewRadius.swift in Sources */,
				4D8FBA8D26918BF600B0D13B /* MBPhoneNumber.swift in Sources */,
				4D3DDAB4269164EF00CB0A57 /* NSObject+Extension.swift in Sources */,
			);
			runOnlyForDeploymentPostprocessing = 0;
		};
		4DD7B5FA268618DA00AD5F81 /* Sources */ = {
			isa = PBXSourcesBuildPhase;
			buildActionMask = 2147483647;
			files = (
				4DD7B603268618DA00AD5F81 /* MascoBazariOSTests.swift in Sources */,
			);
			runOnlyForDeploymentPostprocessing = 0;
		};
		4DD7B605268618DA00AD5F81 /* Sources */ = {
			isa = PBXSourcesBuildPhase;
			buildActionMask = 2147483647;
			files = (
				4DD7B60E268618DA00AD5F81 /* MascoBazariOSUITests.swift in Sources */,
			);
			runOnlyForDeploymentPostprocessing = 0;
		};
/* End PBXSourcesBuildPhase section */

/* Begin PBXTargetDependency section */
		4DD7B600268618DA00AD5F81 /* PBXTargetDependency */ = {
			isa = PBXTargetDependency;
			target = 4DD7B5E7268618D900AD5F81 /* MascoBazariOS */;
			targetProxy = 4DD7B5FF268618DA00AD5F81 /* PBXContainerItemProxy */;
		};
		4DD7B60B268618DA00AD5F81 /* PBXTargetDependency */ = {
			isa = PBXTargetDependency;
			target = 4DD7B5E7268618D900AD5F81 /* MascoBazariOS */;
			targetProxy = 4DD7B60A268618DA00AD5F81 /* PBXContainerItemProxy */;
		};
/* End PBXTargetDependency section */

/* Begin PBXVariantGroup section */
		4DD7B5F1268618D900AD5F81 /* Main.storyboard */ = {
			isa = PBXVariantGroup;
			children = (
				4DD7B5F2268618D900AD5F81 /* Base */,
			);
			name = Main.storyboard;
			sourceTree = "<group>";
		};
		4DD7B5F6268618DA00AD5F81 /* LaunchScreen.storyboard */ = {
			isa = PBXVariantGroup;
			children = (
				4DD7B5F7268618DA00AD5F81 /* Base */,
			);
			name = LaunchScreen.storyboard;
			sourceTree = "<group>";
		};
/* End PBXVariantGroup section */

/* Begin XCBuildConfiguration section */
		4DD7B610268618DA00AD5F81 /* Debug */ = {
			isa = XCBuildConfiguration;
			buildSettings = {
				ALWAYS_SEARCH_USER_PATHS = NO;
				CLANG_ANALYZER_NONNULL = YES;
				CLANG_ANALYZER_NUMBER_OBJECT_CONVERSION = YES_AGGRESSIVE;
				CLANG_CXX_LANGUAGE_STANDARD = "gnu++14";
				CLANG_CXX_LIBRARY = "libc++";
				CLANG_ENABLE_MODULES = YES;
				CLANG_ENABLE_OBJC_ARC = YES;
				CLANG_ENABLE_OBJC_WEAK = YES;
				CLANG_WARN_BLOCK_CAPTURE_AUTORELEASING = YES;
				CLANG_WARN_BOOL_CONVERSION = YES;
				CLANG_WARN_COMMA = YES;
				CLANG_WARN_CONSTANT_CONVERSION = YES;
				CLANG_WARN_DEPRECATED_OBJC_IMPLEMENTATIONS = YES;
				CLANG_WARN_DIRECT_OBJC_ISA_USAGE = YES_ERROR;
				CLANG_WARN_DOCUMENTATION_COMMENTS = YES;
				CLANG_WARN_EMPTY_BODY = YES;
				CLANG_WARN_ENUM_CONVERSION = YES;
				CLANG_WARN_INFINITE_RECURSION = YES;
				CLANG_WARN_INT_CONVERSION = YES;
				CLANG_WARN_NON_LITERAL_NULL_CONVERSION = YES;
				CLANG_WARN_OBJC_IMPLICIT_RETAIN_SELF = YES;
				CLANG_WARN_OBJC_LITERAL_CONVERSION = YES;
				CLANG_WARN_OBJC_ROOT_CLASS = YES_ERROR;
				CLANG_WARN_QUOTED_INCLUDE_IN_FRAMEWORK_HEADER = YES;
				CLANG_WARN_RANGE_LOOP_ANALYSIS = YES;
				CLANG_WARN_STRICT_PROTOTYPES = YES;
				CLANG_WARN_SUSPICIOUS_MOVE = YES;
				CLANG_WARN_UNGUARDED_AVAILABILITY = YES_AGGRESSIVE;
				CLANG_WARN_UNREACHABLE_CODE = YES;
				CLANG_WARN__DUPLICATE_METHOD_MATCH = YES;
				COPY_PHASE_STRIP = NO;
				DEBUG_INFORMATION_FORMAT = dwarf;
				ENABLE_STRICT_OBJC_MSGSEND = YES;
				ENABLE_TESTABILITY = YES;
				GCC_C_LANGUAGE_STANDARD = gnu11;
				GCC_DYNAMIC_NO_PIC = NO;
				GCC_NO_COMMON_BLOCKS = YES;
				GCC_OPTIMIZATION_LEVEL = 0;
				GCC_PREPROCESSOR_DEFINITIONS = (
					"DEBUG=1",
					"$(inherited)",
				);
				GCC_WARN_64_TO_32_BIT_CONVERSION = YES;
				GCC_WARN_ABOUT_RETURN_TYPE = YES_ERROR;
				GCC_WARN_UNDECLARED_SELECTOR = YES;
				GCC_WARN_UNINITIALIZED_AUTOS = YES_AGGRESSIVE;
				GCC_WARN_UNUSED_FUNCTION = YES;
				GCC_WARN_UNUSED_VARIABLE = YES;
				IPHONEOS_DEPLOYMENT_TARGET = 14.5;
				MTL_ENABLE_DEBUG_INFO = INCLUDE_SOURCE;
				MTL_FAST_MATH = YES;
				ONLY_ACTIVE_ARCH = YES;
				SDKROOT = iphoneos;
				SWIFT_ACTIVE_COMPILATION_CONDITIONS = DEBUG;
				SWIFT_OPTIMIZATION_LEVEL = "-Onone";
			};
			name = Debug;
		};
		4DD7B611268618DA00AD5F81 /* Release */ = {
			isa = XCBuildConfiguration;
			buildSettings = {
				ALWAYS_SEARCH_USER_PATHS = NO;
				CLANG_ANALYZER_NONNULL = YES;
				CLANG_ANALYZER_NUMBER_OBJECT_CONVERSION = YES_AGGRESSIVE;
				CLANG_CXX_LANGUAGE_STANDARD = "gnu++14";
				CLANG_CXX_LIBRARY = "libc++";
				CLANG_ENABLE_MODULES = YES;
				CLANG_ENABLE_OBJC_ARC = YES;
				CLANG_ENABLE_OBJC_WEAK = YES;
				CLANG_WARN_BLOCK_CAPTURE_AUTORELEASING = YES;
				CLANG_WARN_BOOL_CONVERSION = YES;
				CLANG_WARN_COMMA = YES;
				CLANG_WARN_CONSTANT_CONVERSION = YES;
				CLANG_WARN_DEPRECATED_OBJC_IMPLEMENTATIONS = YES;
				CLANG_WARN_DIRECT_OBJC_ISA_USAGE = YES_ERROR;
				CLANG_WARN_DOCUMENTATION_COMMENTS = YES;
				CLANG_WARN_EMPTY_BODY = YES;
				CLANG_WARN_ENUM_CONVERSION = YES;
				CLANG_WARN_INFINITE_RECURSION = YES;
				CLANG_WARN_INT_CONVERSION = YES;
				CLANG_WARN_NON_LITERAL_NULL_CONVERSION = YES;
				CLANG_WARN_OBJC_IMPLICIT_RETAIN_SELF = YES;
				CLANG_WARN_OBJC_LITERAL_CONVERSION = YES;
				CLANG_WARN_OBJC_ROOT_CLASS = YES_ERROR;
				CLANG_WARN_QUOTED_INCLUDE_IN_FRAMEWORK_HEADER = YES;
				CLANG_WARN_RANGE_LOOP_ANALYSIS = YES;
				CLANG_WARN_STRICT_PROTOTYPES = YES;
				CLANG_WARN_SUSPICIOUS_MOVE = YES;
				CLANG_WARN_UNGUARDED_AVAILABILITY = YES_AGGRESSIVE;
				CLANG_WARN_UNREACHABLE_CODE = YES;
				CLANG_WARN__DUPLICATE_METHOD_MATCH = YES;
				COPY_PHASE_STRIP = NO;
				DEBUG_INFORMATION_FORMAT = "dwarf-with-dsym";
				ENABLE_NS_ASSERTIONS = NO;
				ENABLE_STRICT_OBJC_MSGSEND = YES;
				GCC_C_LANGUAGE_STANDARD = gnu11;
				GCC_NO_COMMON_BLOCKS = YES;
				GCC_WARN_64_TO_32_BIT_CONVERSION = YES;
				GCC_WARN_ABOUT_RETURN_TYPE = YES_ERROR;
				GCC_WARN_UNDECLARED_SELECTOR = YES;
				GCC_WARN_UNINITIALIZED_AUTOS = YES_AGGRESSIVE;
				GCC_WARN_UNUSED_FUNCTION = YES;
				GCC_WARN_UNUSED_VARIABLE = YES;
				IPHONEOS_DEPLOYMENT_TARGET = 14.5;
				MTL_ENABLE_DEBUG_INFO = NO;
				MTL_FAST_MATH = YES;
				SDKROOT = iphoneos;
				SWIFT_COMPILATION_MODE = wholemodule;
				SWIFT_OPTIMIZATION_LEVEL = "-O";
				VALIDATE_PRODUCT = YES;
			};
			name = Release;
		};
		4DD7B613268618DA00AD5F81 /* Debug */ = {
			isa = XCBuildConfiguration;
			buildSettings = {
				ASSETCATALOG_COMPILER_APPICON_NAME = AppIcon;
				ASSETCATALOG_COMPILER_GLOBAL_ACCENT_COLOR_NAME = AccentColor;
				CODE_SIGN_STYLE = Automatic;
				CURRENT_PROJECT_VERSION = 0.0.0.1;
				DEVELOPMENT_TEAM = 92D22YMD5G;
				INFOPLIST_FILE = MascoBazariOS/Info.plist;
				LD_RUNPATH_SEARCH_PATHS = (
					"$(inherited)",
					"@executable_path/Frameworks",
				);
				MARKETING_VERSION = 0.0.1;
				PRODUCT_BUNDLE_IDENTIFIER = com.bd.mmb.mascobazar.MascoBazariOS;
				PRODUCT_NAME = "$(TARGET_NAME)";
				SWIFT_VERSION = 5.0;
				TARGETED_DEVICE_FAMILY = "1,2";
			};
			name = Debug;
		};
		4DD7B614268618DA00AD5F81 /* Release */ = {
			isa = XCBuildConfiguration;
			buildSettings = {
				ASSETCATALOG_COMPILER_APPICON_NAME = AppIcon;
				ASSETCATALOG_COMPILER_GLOBAL_ACCENT_COLOR_NAME = AccentColor;
				CODE_SIGN_STYLE = Automatic;
				CURRENT_PROJECT_VERSION = 0.0.0.1;
				DEVELOPMENT_TEAM = 92D22YMD5G;
				INFOPLIST_FILE = MascoBazariOS/Info.plist;
				LD_RUNPATH_SEARCH_PATHS = (
					"$(inherited)",
					"@executable_path/Frameworks",
				);
				MARKETING_VERSION = 0.0.1;
				PRODUCT_BUNDLE_IDENTIFIER = com.bd.mmb.mascobazar.MascoBazariOS;
				PRODUCT_NAME = "$(TARGET_NAME)";
				SWIFT_VERSION = 5.0;
				TARGETED_DEVICE_FAMILY = "1,2";
			};
			name = Release;
		};
		4DD7B616268618DA00AD5F81 /* Debug */ = {
			isa = XCBuildConfiguration;
			buildSettings = {
				ALWAYS_EMBED_SWIFT_STANDARD_LIBRARIES = YES;
				BUNDLE_LOADER = "$(TEST_HOST)";
				CODE_SIGN_STYLE = Automatic;
				INFOPLIST_FILE = MascoBazariOSTests/Info.plist;
				IPHONEOS_DEPLOYMENT_TARGET = 14.5;
				LD_RUNPATH_SEARCH_PATHS = (
					"$(inherited)",
					"@executable_path/Frameworks",
					"@loader_path/Frameworks",
				);
				PRODUCT_BUNDLE_IDENTIFIER = com.bd.mmb.mascobazar.MascoBazariOSTests;
				PRODUCT_NAME = "$(TARGET_NAME)";
				SWIFT_VERSION = 5.0;
				TARGETED_DEVICE_FAMILY = "1,2";
				TEST_HOST = "$(BUILT_PRODUCTS_DIR)/MascoBazariOS.app/MascoBazariOS";
			};
			name = Debug;
		};
		4DD7B617268618DA00AD5F81 /* Release */ = {
			isa = XCBuildConfiguration;
			buildSettings = {
				ALWAYS_EMBED_SWIFT_STANDARD_LIBRARIES = YES;
				BUNDLE_LOADER = "$(TEST_HOST)";
				CODE_SIGN_STYLE = Automatic;
				INFOPLIST_FILE = MascoBazariOSTests/Info.plist;
				IPHONEOS_DEPLOYMENT_TARGET = 14.5;
				LD_RUNPATH_SEARCH_PATHS = (
					"$(inherited)",
					"@executable_path/Frameworks",
					"@loader_path/Frameworks",
				);
				PRODUCT_BUNDLE_IDENTIFIER = com.bd.mmb.mascobazar.MascoBazariOSTests;
				PRODUCT_NAME = "$(TARGET_NAME)";
				SWIFT_VERSION = 5.0;
				TARGETED_DEVICE_FAMILY = "1,2";
				TEST_HOST = "$(BUILT_PRODUCTS_DIR)/MascoBazariOS.app/MascoBazariOS";
			};
			name = Release;
		};
		4DD7B619268618DA00AD5F81 /* Debug */ = {
			isa = XCBuildConfiguration;
			buildSettings = {
				ALWAYS_EMBED_SWIFT_STANDARD_LIBRARIES = YES;
				CODE_SIGN_STYLE = Automatic;
				INFOPLIST_FILE = MascoBazariOSUITests/Info.plist;
				LD_RUNPATH_SEARCH_PATHS = (
					"$(inherited)",
					"@executable_path/Frameworks",
					"@loader_path/Frameworks",
				);
				PRODUCT_BUNDLE_IDENTIFIER = com.bd.mmb.mascobazar.MascoBazariOSUITests;
				PRODUCT_NAME = "$(TARGET_NAME)";
				SWIFT_VERSION = 5.0;
				TARGETED_DEVICE_FAMILY = "1,2";
				TEST_TARGET_NAME = MascoBazariOS;
			};
			name = Debug;
		};
		4DD7B61A268618DA00AD5F81 /* Release */ = {
			isa = XCBuildConfiguration;
			buildSettings = {
				ALWAYS_EMBED_SWIFT_STANDARD_LIBRARIES = YES;
				CODE_SIGN_STYLE = Automatic;
				INFOPLIST_FILE = MascoBazariOSUITests/Info.plist;
				LD_RUNPATH_SEARCH_PATHS = (
					"$(inherited)",
					"@executable_path/Frameworks",
					"@loader_path/Frameworks",
				);
				PRODUCT_BUNDLE_IDENTIFIER = com.bd.mmb.mascobazar.MascoBazariOSUITests;
				PRODUCT_NAME = "$(TARGET_NAME)";
				SWIFT_VERSION = 5.0;
				TARGETED_DEVICE_FAMILY = "1,2";
				TEST_TARGET_NAME = MascoBazariOS;
			};
			name = Release;
		};
/* End XCBuildConfiguration section */

/* Begin XCConfigurationList section */
		4DD7B5E3268618D900AD5F81 /* Build configuration list for PBXProject "MascoBazariOS" */ = {
			isa = XCConfigurationList;
			buildConfigurations = (
				4DD7B610268618DA00AD5F81 /* Debug */,
				4DD7B611268618DA00AD5F81 /* Release */,
			);
			defaultConfigurationIsVisible = 0;
			defaultConfigurationName = Release;
		};
		4DD7B612268618DA00AD5F81 /* Build configuration list for PBXNativeTarget "MascoBazariOS" */ = {
			isa = XCConfigurationList;
			buildConfigurations = (
				4DD7B613268618DA00AD5F81 /* Debug */,
				4DD7B614268618DA00AD5F81 /* Release */,
			);
			defaultConfigurationIsVisible = 0;
			defaultConfigurationName = Release;
		};
		4DD7B615268618DA00AD5F81 /* Build configuration list for PBXNativeTarget "MascoBazariOSTests" */ = {
			isa = XCConfigurationList;
			buildConfigurations = (
				4DD7B616268618DA00AD5F81 /* Debug */,
				4DD7B617268618DA00AD5F81 /* Release */,
			);
			defaultConfigurationIsVisible = 0;
			defaultConfigurationName = Release;
		};
		4DD7B618268618DA00AD5F81 /* Build configuration list for PBXNativeTarget "MascoBazariOSUITests" */ = {
			isa = XCConfigurationList;
			buildConfigurations = (
				4DD7B619268618DA00AD5F81 /* Debug */,
				4DD7B61A268618DA00AD5F81 /* Release */,
			);
			defaultConfigurationIsVisible = 0;
			defaultConfigurationName = Release;
		};
/* End XCConfigurationList section */
	};
	rootObject = 4DD7B5E0268618D900AD5F81 /* Project object */;
}
